
Microsoft Visual Studio Solution File, Format Version 12.00
# Visual Studio Version 17
VisualStudioVersion = 17.2.32516.85
MinimumVisualStudioVersion = 10.0.40219.1
Project("{FAE04EC0-301F-11D3-BF4B-00C04F79EFBC}") = "Auth1", "Auth1.csproj", "{1104C176-3E47-4005-BE82-28274BAE5E8D}"
EndProject
Global
	GlobalSection(SolutionConfigurationPlatforms) = preSolution
		Debug|Any CPU = Debug|Any CPU
		Release|Any CPU = Release|Any CPU
	EndGlobalSection
	GlobalSection(ProjectConfigurationPlatforms) = postSolution
		{1104C176-3E47-4005-BE82-28274BAE5E8D}.Debug|Any CPU.ActiveCfg = Debug|Any CPU
		{1104C176-3E47-4005-BE82-28274BAE5E8D}.Debug|Any CPU.Build.0 = Debug|Any CPU
		{1104C176-3E47-4005-BE82-28274BAE5E8D}.Release|Any CPU.ActiveCfg = Release|Any CPU
		{1104C176-3E47-4005-BE82-28274BAE5E8D}.Release|Any CPU.Build.0 = Release|Any CPU
	EndGlobalSection
	GlobalSection(SolutionProperties) = preSolution
		HideSolutionNode = FALSE
	EndGlobalSection
	GlobalSection(ExtensibilityGlobals) = postSolution
		SolutionGuid = {66E83C36-FB86-498F-B2B3-1F4D190D5C8D}
	EndGlobalSection
EndGlobal
